
Microsoft Visual Studio Solution File, Format Version 12.00
# Visual Studio 15
VisualStudioVersion = 15.0.26730.12
MinimumVisualStudioVersion = 10.0.40219.1
Project("{9A19103F-16F7-4668-BE54-9A1E7A4F7556}") = "txj-script", "txj-script.csproj", "{EEF6EBA0-C449-4829-9D10-EB995E94A625}"
EndProject
Global
	GlobalSection(SolutionConfigurationPlatforms) = preSolution
		Debug|Any CPU = Debug|Any CPU
		Release|Any CPU = Release|Any CPU
	EndGlobalSection
	GlobalSection(ProjectConfigurationPlatforms) = postSolution
		{EEF6EBA0-C449-4829-9D10-EB995E94A625}.Debug|Any CPU.ActiveCfg = Debug|Any CPU
		{EEF6EBA0-C449-4829-9D10-EB995E94A625}.Debug|Any CPU.Build.0 = Debug|Any CPU
		{EEF6EBA0-C449-4829-9D10-EB995E94A625}.Release|Any CPU.ActiveCfg = Release|Any CPU
		{EEF6EBA0-C449-4829-9D10-EB995E94A625}.Release|Any CPU.Build.0 = Release|Any CPU
	EndGlobalSection
	GlobalSection(SolutionProperties) = preSolution
		HideSolutionNode = FALSE
	EndGlobalSection
	GlobalSection(ExtensibilityGlobals) = postSolution
		SolutionGuid = {B0F56E14-A19A-4C31-B97E-A05D725161DF}
	EndGlobalSection
EndGlobal
